
Microsoft Visual Studio Solution File, Format Version 12.00
# Visual Studio 14
VisualStudioVersion = 14.0.25420.1
MinimumVisualStudioVersion = 10.0.40219.1
Project("{FAE04EC0-301F-11D3-BF4B-00C04F79EFBC}") = "UnitTest011", "UnitTest011\UnitTest011.csproj", "{297EB01C-8693-45F8-9B19-FC9546051BE8}"
EndProject
Project("{FAE04EC0-301F-11D3-BF4B-00C04F79EFBC}") = "UnitTest012", "UnitTest012\UnitTest012.csproj", "{67B83ADF-664F-4283-9F13-05F63F59AF37}"
EndProject
Project("{FAE04EC0-301F-11D3-BF4B-00C04F79EFBC}") = "UnitTest013", "UnitTest013\UnitTest013.csproj", "{6623EE83-7F06-4B71-B644-18259F6A4EAB}"
EndProject
Project("{FAE04EC0-301F-11D3-BF4B-00C04F79EFBC}") = "UnitTest014", "UnitTest014\UnitTest014.csproj", "{4B943492-3BC8-4E19-BE10-F0EABA4547BF}"
EndProject
Project("{FAE04EC0-301F-11D3-BF4B-00C04F79EFBC}") = "UnitTest015", "UnitTest015\UnitTest015.csproj", "{AA167068-6E51-49E2-82AC-FCDCC9ABCC3E}"
EndProject
Project("{FAE04EC0-301F-11D3-BF4B-00C04F79EFBC}") = "UnitTest016", "UnitTest016\UnitTest016.csproj", "{821079D3-164B-4F9B-9367-4ADD60FB1103}"
EndProject
Project("{FAE04EC0-301F-11D3-BF4B-00C04F79EFBC}") = "UnitTest017", "UnitTest017\UnitTest017.csproj", "{24FF7E49-CDC0-4912-A905-DECB8BF4C75F}"
EndProject
Project("{FAE04EC0-301F-11D3-BF4B-00C04F79EFBC}") = "UnitTest018", "UnitTest018\UnitTest018.csproj", "{FA66F29B-A5EE-4BC6-9A04-EE0D876589A6}"
EndProject
Project("{FAE04EC0-301F-11D3-BF4B-00C04F79EFBC}") = "UnitTest019", "UnitTest019\UnitTest019.csproj", "{70C484A9-D761-4320-B590-285E96B190A6}"
EndProject
Project("{FAE04EC0-301F-11D3-BF4B-00C04F79EFBC}") = "UnitTest020", "UnitTest020\UnitTest020.csproj", "{096FF7F7-2407-44F7-8B02-1651037F8E01}"
EndProject
Global
	GlobalSection(SolutionConfigurationPlatforms) = preSolution
		Debug|Any CPU = Debug|Any CPU
		Release|Any CPU = Release|Any CPU
	EndGlobalSection
	GlobalSection(ProjectConfigurationPlatforms) = postSolution
		{297EB01C-8693-45F8-9B19-FC9546051BE8}.Debug|Any CPU.ActiveCfg = Debug|Any CPU
		{297EB01C-8693-45F8-9B19-FC9546051BE8}.Debug|Any CPU.Build.0 = Debug|Any CPU
		{297EB01C-8693-45F8-9B19-FC9546051BE8}.Release|Any CPU.ActiveCfg = Release|Any CPU
		{297EB01C-8693-45F8-9B19-FC9546051BE8}.Release|Any CPU.Build.0 = Release|Any CPU
		{67B83ADF-664F-4283-9F13-05F63F59AF37}.Debug|Any CPU.ActiveCfg = Debug|Any CPU
		{67B83ADF-664F-4283-9F13-05F63F59AF37}.Debug|Any CPU.Build.0 = Debug|Any CPU
		{67B83ADF-664F-4283-9F13-05F63F59AF37}.Release|Any CPU.ActiveCfg = Release|Any CPU
		{67B83ADF-664F-4283-9F13-05F63F59AF37}.Release|Any CPU.Build.0 = Release|Any CPU
		{6623EE83-7F06-4B71-B644-18259F6A4EAB}.Debug|Any CPU.ActiveCfg = Debug|Any CPU
		{6623EE83-7F06-4B71-B644-18259F6A4EAB}.Debug|Any CPU.Build.0 = Debug|Any CPU
		{6623EE83-7F06-4B71-B644-18259F6A4EAB}.Release|Any CPU.ActiveCfg = Release|Any CPU
		{6623EE83-7F06-4B71-B644-18259F6A4EAB}.Release|Any CPU.Build.0 = Release|Any CPU
		{4B943492-3BC8-4E19-BE10-F0EABA4547BF}.Debug|Any CPU.ActiveCfg = Debug|Any CPU
		{4B943492-3BC8-4E19-BE10-F0EABA4547BF}.Debug|Any CPU.Build.0 = Debug|Any CPU
		{4B943492-3BC8-4E19-BE10-F0EABA4547BF}.Release|Any CPU.ActiveCfg = Release|Any CPU
		{4B943492-3BC8-4E19-BE10-F0EABA4547BF}.Release|Any CPU.Build.0 = Release|Any CPU
		{AA167068-6E51-49E2-82AC-FCDCC9ABCC3E}.Debug|Any CPU.ActiveCfg = Debug|Any CPU
		{AA167068-6E51-49E2-82AC-FCDCC9ABCC3E}.Debug|Any CPU.Build.0 = Debug|Any CPU
		{AA167068-6E51-49E2-82AC-FCDCC9ABCC3E}.Release|Any CPU.ActiveCfg = Release|Any CPU
		{AA167068-6E51-49E2-82AC-FCDCC9ABCC3E}.Release|Any CPU.Build.0 = Release|Any CPU
		{821079D3-164B-4F9B-9367-4ADD60FB1103}.Debug|Any CPU.ActiveCfg = Debug|Any CPU
		{821079D3-164B-4F9B-9367-4ADD60FB1103}.Debug|Any CPU.Build.0 = Debug|Any CPU
		{821079D3-164B-4F9B-9367-4ADD60FB1103}.Release|Any CPU.ActiveCfg = Release|Any CPU
		{821079D3-164B-4F9B-9367-4ADD60FB1103}.Release|Any CPU.Build.0 = Release|Any CPU
		{24FF7E49-CDC0-4912-A905-DECB8BF4C75F}.Debug|Any CPU.ActiveCfg = Debug|Any CPU
		{24FF7E49-CDC0-4912-A905-DECB8BF4C75F}.Debug|Any CPU.Build.0 = Debug|Any CPU
		{24FF7E49-CDC0-4912-A905-DECB8BF4C75F}.Release|Any CPU.ActiveCfg = Release|Any CPU
		{24FF7E49-CDC0-4912-A905-DECB8BF4C75F}.Release|Any CPU.Build.0 = Release|Any CPU
		{FA66F29B-A5EE-4BC6-9A04-EE0D876589A6}.Debug|Any CPU.ActiveCfg = Debug|Any CPU
		{FA66F29B-A5EE-4BC6-9A04-EE0D876589A6}.Debug|Any CPU.Build.0 = Debug|Any CPU
		{FA66F29B-A5EE-4BC6-9A04-EE0D876589A6}.Release|Any CPU.ActiveCfg = Release|Any CPU
		{FA66F29B-A5EE-4BC6-9A04-EE0D876589A6}.Release|Any CPU.Build.0 = Release|Any CPU
		{70C484A9-D761-4320-B590-285E96B190A6}.Debug|Any CPU.ActiveCfg = Debug|Any CPU
		{70C484A9-D761-4320-B590-285E96B190A6}.Debug|Any CPU.Build.0 = Debug|Any CPU
		{70C484A9-D761-4320-B590-285E96B190A6}.Release|Any CPU.ActiveCfg = Release|Any CPU
		{70C484A9-D761-4320-B590-285E96B190A6}.Release|Any CPU.Build.0 = Release|Any CPU
		{096FF7F7-2407-44F7-8B02-1651037F8E01}.Debug|Any CPU.ActiveCfg = Debug|Any CPU
		{096FF7F7-2407-44F7-8B02-1651037F8E01}.Debug|Any CPU.Build.0 = Debug|Any CPU
		{096FF7F7-2407-44F7-8B02-1651037F8E01}.Release|Any CPU.ActiveCfg = Release|Any CPU
		{096FF7F7-2407-44F7-8B02-1651037F8E01}.Release|Any CPU.Build.0 = Release|Any CPU
	EndGlobalSection
	GlobalSection(SolutionProperties) = preSolution
		HideSolutionNode = FALSE
	EndGlobalSection
EndGlobal
